
Microsoft Visual Studio Solution File, Format Version 12.00
# Visual Studio Version 17
VisualStudioVersion = 17.13.35913.81
MinimumVisualStudioVersion = 10.0.40219.1
Project("{FAE04EC0-301F-11D3-BF4B-00C04F79EFBC}") = "OnlineBanking", "OnlineBankingSOA\OnlineBanking.csproj", "{190A3094-CEB5-970A-457B-6F7A032E00F4}"
EndProject
Project("{FAE04EC0-301F-11D3-BF4B-00C04F79EFBC}") = "OnlineBankingAPIGateway", "OnlineBankingAPIGateway\OnlineBankingAPIGateway.csproj", "{5E41045A-838D-4B1B-B089-8C07AC687118}"
EndProject
Project("{FAE04EC0-301F-11D3-BF4B-00C04F79EFBC}") = "OnlineBankingTest", "OnlineBankingTest\OnlineBankingTest.csproj", "{51825708-39C8-4B03-B616-98CD554D0595}"
EndProject
Project("{2150E333-8FDC-42A3-9474-1A3956D46DE8}") = "Solution Items", "Solution Items", "{8EC462FD-D22E-90A8-E5CE-7E832BA40C5D}"
	ProjectSection(SolutionItems) = preProject
		docker-compose.yml = docker-compose.yml
	EndProjectSection
EndProject
Global
	GlobalSection(SolutionConfigurationPlatforms) = preSolution
		Debug|Any CPU = Debug|Any CPU
		Release|Any CPU = Release|Any CPU
	EndGlobalSection
	GlobalSection(ProjectConfigurationPlatforms) = postSolution
		{190A3094-CEB5-970A-457B-6F7A032E00F4}.Debug|Any CPU.ActiveCfg = Debug|Any CPU
		{190A3094-CEB5-970A-457B-6F7A032E00F4}.Debug|Any CPU.Build.0 = Debug|Any CPU
		{190A3094-CEB5-970A-457B-6F7A032E00F4}.Release|Any CPU.ActiveCfg = Release|Any CPU
		{190A3094-CEB5-970A-457B-6F7A032E00F4}.Release|Any CPU.Build.0 = Release|Any CPU
		{5E41045A-838D-4B1B-B089-8C07AC687118}.Debug|Any CPU.ActiveCfg = Debug|Any CPU
		{5E41045A-838D-4B1B-B089-8C07AC687118}.Debug|Any CPU.Build.0 = Debug|Any CPU
		{5E41045A-838D-4B1B-B089-8C07AC687118}.Release|Any CPU.ActiveCfg = Release|Any CPU
		{5E41045A-838D-4B1B-B089-8C07AC687118}.Release|Any CPU.Build.0 = Release|Any CPU
		{51825708-39C8-4B03-B616-98CD554D0595}.Debug|Any CPU.ActiveCfg = Debug|Any CPU
		{51825708-39C8-4B03-B616-98CD554D0595}.Debug|Any CPU.Build.0 = Debug|Any CPU
		{51825708-39C8-4B03-B616-98CD554D0595}.Release|Any CPU.ActiveCfg = Release|Any CPU
		{51825708-39C8-4B03-B616-98CD554D0595}.Release|Any CPU.Build.0 = Release|Any CPU
	EndGlobalSection
	GlobalSection(SolutionProperties) = preSolution
		HideSolutionNode = FALSE
	EndGlobalSection
	GlobalSection(ExtensibilityGlobals) = postSolution
		SolutionGuid = {EF92F1AA-BF6C-492F-AAAA-21FBF0DA99EF}
	EndGlobalSection
EndGlobal
